
Microsoft Visual Studio Solution File, Format Version 12.00
# Visual Studio Version 17
VisualStudioVersion = 17.1.32319.34
MinimumVisualStudioVersion = 10.0.40219.1
Project("{FAE04EC0-301F-11D3-BF4B-00C04F79EFBC}") = "Lab6", "Lab6\Lab6.csproj", "{DEFE966B-BA23-4523-B199-DA1019DE74E4}"
EndProject
Global
	GlobalSection(SolutionConfigurationPlatforms) = preSolution
		Debug|Any CPU = Debug|Any CPU
		Release|Any CPU = Release|Any CPU
	EndGlobalSection
	GlobalSection(ProjectConfigurationPlatforms) = postSolution
		{DEFE966B-BA23-4523-B199-DA1019DE74E4}.Debug|Any CPU.ActiveCfg = Debug|Any CPU
		{DEFE966B-BA23-4523-B199-DA1019DE74E4}.Debug|Any CPU.Build.0 = Debug|Any CPU
		{DEFE966B-BA23-4523-B199-DA1019DE74E4}.Release|Any CPU.ActiveCfg = Release|Any CPU
		{DEFE966B-BA23-4523-B199-DA1019DE74E4}.Release|Any CPU.Build.0 = Release|Any CPU
	EndGlobalSection
	GlobalSection(SolutionProperties) = preSolution
		HideSolutionNode = FALSE
	EndGlobalSection
	GlobalSection(ExtensibilityGlobals) = postSolution
		SolutionGuid = {F7EB5353-1475-4269-B297-49DE1EA90A44}
	EndGlobalSection
EndGlobal
